
Microsoft Visual Studio Solution File, Format Version 12.00
# Visual Studio Version 16
VisualStudioVersion = 16.0.31205.134
MinimumVisualStudioVersion = 10.0.40219.1
Project("{8BC9CEB8-8B4A-11D0-8D11-00A0C91BC942}") = "BadAppleCheatEngine", "BadAppleCheatEngine.vcxproj", "{27D0E2C3-FB1E-4ABC-BC7C-15E39083705B}"
EndProject
Global
	GlobalSection(SolutionConfigurationPlatforms) = preSolution
		Debug|x64 = Debug|x64
		Debug|x86 = Debug|x86
		Release|x64 = Release|x64
		Release|x86 = Release|x86
	EndGlobalSection
	GlobalSection(ProjectConfigurationPlatforms) = postSolution
		{27D0E2C3-FB1E-4ABC-BC7C-15E39083705B}.Debug|x64.ActiveCfg = Debug|x64
		{27D0E2C3-FB1E-4ABC-BC7C-15E39083705B}.Debug|x64.Build.0 = Debug|x64
		{27D0E2C3-FB1E-4ABC-BC7C-15E39083705B}.Debug|x86.ActiveCfg = Debug|Win32
		{27D0E2C3-FB1E-4ABC-BC7C-15E39083705B}.Debug|x86.Build.0 = Debug|Win32
		{27D0E2C3-FB1E-4ABC-BC7C-15E39083705B}.Release|x64.ActiveCfg = Release|x64
		{27D0E2C3-FB1E-4ABC-BC7C-15E39083705B}.Release|x64.Build.0 = Release|x64
		{27D0E2C3-FB1E-4ABC-BC7C-15E39083705B}.Release|x86.ActiveCfg = Release|Win32
		{27D0E2C3-FB1E-4ABC-BC7C-15E39083705B}.Release|x86.Build.0 = Release|Win32
	EndGlobalSection
	GlobalSection(SolutionProperties) = preSolution
		HideSolutionNode = FALSE
	EndGlobalSection
	GlobalSection(ExtensibilityGlobals) = postSolution
		SolutionGuid = {1CC1D73D-FB1B-401F-8B4D-DD1AE27288D0}
	EndGlobalSection
EndGlobal
